
Microsoft Visual Studio Solution File, Format Version 12.00
# Visual Studio 15
VisualStudioVersion = 15.0.28307.902
MinimumVisualStudioVersion = 10.0.40219.1
Project("{FAE04EC0-301F-11D3-BF4B-00C04F79EFBC}") = "chm1", "chm1\chm1.csproj", "{D054E4A2-BF7E-4996-8E1B-DD25D8BD7774}"
EndProject
Global
	GlobalSection(SolutionConfigurationPlatforms) = preSolution
		Debug|Any CPU = Debug|Any CPU
		Release|Any CPU = Release|Any CPU
	EndGlobalSection
	GlobalSection(ProjectConfigurationPlatforms) = postSolution
		{D054E4A2-BF7E-4996-8E1B-DD25D8BD7774}.Debug|Any CPU.ActiveCfg = Debug|Any CPU
		{D054E4A2-BF7E-4996-8E1B-DD25D8BD7774}.Debug|Any CPU.Build.0 = Debug|Any CPU
		{D054E4A2-BF7E-4996-8E1B-DD25D8BD7774}.Release|Any CPU.ActiveCfg = Release|Any CPU
		{D054E4A2-BF7E-4996-8E1B-DD25D8BD7774}.Release|Any CPU.Build.0 = Release|Any CPU
	EndGlobalSection
	GlobalSection(SolutionProperties) = preSolution
		HideSolutionNode = FALSE
	EndGlobalSection
	GlobalSection(ExtensibilityGlobals) = postSolution
		SolutionGuid = {1B00FC2A-70CE-457D-82F4-3CA375274B00}
	EndGlobalSection
EndGlobal
